
Microsoft Visual Studio Solution File, Format Version 12.00
# Visual Studio 2013
VisualStudioVersion = 12.0.31101.0
MinimumVisualStudioVersion = 10.0.40219.1
Project("{2150E333-8FDC-42A3-9474-1A3956D46DE8}") = ".nuget", ".nuget", "{026586C4-806B-4E09-BD51-239E15A6BA62}"
	ProjectSection(SolutionItems) = preProject
		.nuget\NuGet.Config = .nuget\NuGet.Config
		.nuget\NuGet.exe = .nuget\NuGet.exe
	EndProjectSection
EndProject
Project("{F2A71F9B-5D33-465A-A702-920D77279786}") = "StockCheck.Model.Tests", "StockCheck.Model.Tests\StockCheck.Model.Tests.fsproj", "{2D137C1E-A106-4233-94C6-54E9D0FBACA4}"
EndProject
Project("{F2A71F9B-5D33-465A-A702-920D77279786}") = "StockCheck.Model", "StockCheck.Model\StockCheck.Model.fsproj", "{A131582E-D9BB-4200-A933-699F0E7CDC53}"
EndProject
Project("{F2A71F9B-5D33-465A-A702-920D77279786}") = "StockCheck.Repository", "StockCheck.Repository\StockCheck.Repository.fsproj", "{A11932C7-F45E-49BB-9CC4-F42A8E3FD228}"
EndProject
Project("{F2A71F9B-5D33-465A-A702-920D77279786}") = "StockCheck.Model.ExcelTests", "StockCheck.Model.ExcelTests\StockCheck.Model.ExcelTests.fsproj", "{42BA5C53-B4AD-4052-92F8-0A1301D086FA}"
EndProject
Project("{FAE04EC0-301F-11D3-BF4B-00C04F79EFBC}") = "StockCheckWeb", "StockCheck\StockCheckWebApi\StockCheckWeb.csproj", "{C4891C29-68CB-41D6-A5AA-47017B057878}"
EndProject
Project("{F2A71F9B-5D33-465A-A702-920D77279786}") = "StockCheckWebAppApi", "StockCheck\StockCheckWebAppApi\StockCheckWebAppApi.fsproj", "{A999575F-C66E-42BF-A70F-655D4C3F0069}"
EndProject
Project("{F2A71F9B-5D33-465A-A702-920D77279786}") = "StockCheckWebAppApi.Tests", "StockCheckWebAppApi.Tests\StockCheckWebAppApi.Tests.fsproj", "{D463C710-B38A-4949-8749-F2446BCF99DD}"
EndProject
Global
	GlobalSection(SolutionConfigurationPlatforms) = preSolution
		Debug|Any CPU = Debug|Any CPU
		Release|Any CPU = Release|Any CPU
	EndGlobalSection
	GlobalSection(ProjectConfigurationPlatforms) = postSolution
		{2D137C1E-A106-4233-94C6-54E9D0FBACA4}.Debug|Any CPU.ActiveCfg = Debug|Any CPU
		{2D137C1E-A106-4233-94C6-54E9D0FBACA4}.Debug|Any CPU.Build.0 = Debug|Any CPU
		{2D137C1E-A106-4233-94C6-54E9D0FBACA4}.Release|Any CPU.ActiveCfg = Release|Any CPU
		{2D137C1E-A106-4233-94C6-54E9D0FBACA4}.Release|Any CPU.Build.0 = Release|Any CPU
		{A131582E-D9BB-4200-A933-699F0E7CDC53}.Debug|Any CPU.ActiveCfg = Debug|Any CPU
		{A131582E-D9BB-4200-A933-699F0E7CDC53}.Debug|Any CPU.Build.0 = Debug|Any CPU
		{A131582E-D9BB-4200-A933-699F0E7CDC53}.Release|Any CPU.ActiveCfg = Release|Any CPU
		{A131582E-D9BB-4200-A933-699F0E7CDC53}.Release|Any CPU.Build.0 = Release|Any CPU
		{A11932C7-F45E-49BB-9CC4-F42A8E3FD228}.Debug|Any CPU.ActiveCfg = Debug|Any CPU
		{A11932C7-F45E-49BB-9CC4-F42A8E3FD228}.Debug|Any CPU.Build.0 = Debug|Any CPU
		{A11932C7-F45E-49BB-9CC4-F42A8E3FD228}.Release|Any CPU.ActiveCfg = Release|Any CPU
		{A11932C7-F45E-49BB-9CC4-F42A8E3FD228}.Release|Any CPU.Build.0 = Release|Any CPU
		{42BA5C53-B4AD-4052-92F8-0A1301D086FA}.Debug|Any CPU.ActiveCfg = Debug|Any CPU
		{42BA5C53-B4AD-4052-92F8-0A1301D086FA}.Debug|Any CPU.Build.0 = Debug|Any CPU
		{42BA5C53-B4AD-4052-92F8-0A1301D086FA}.Release|Any CPU.ActiveCfg = Release|Any CPU
		{42BA5C53-B4AD-4052-92F8-0A1301D086FA}.Release|Any CPU.Build.0 = Release|Any CPU
		{C4891C29-68CB-41D6-A5AA-47017B057878}.Debug|Any CPU.ActiveCfg = Debug|Any CPU
		{C4891C29-68CB-41D6-A5AA-47017B057878}.Debug|Any CPU.Build.0 = Debug|Any CPU
		{C4891C29-68CB-41D6-A5AA-47017B057878}.Release|Any CPU.ActiveCfg = Release|Any CPU
		{C4891C29-68CB-41D6-A5AA-47017B057878}.Release|Any CPU.Build.0 = Release|Any CPU
		{A999575F-C66E-42BF-A70F-655D4C3F0069}.Debug|Any CPU.ActiveCfg = Debug|Any CPU
		{A999575F-C66E-42BF-A70F-655D4C3F0069}.Debug|Any CPU.Build.0 = Debug|Any CPU
		{A999575F-C66E-42BF-A70F-655D4C3F0069}.Release|Any CPU.ActiveCfg = Release|Any CPU
		{A999575F-C66E-42BF-A70F-655D4C3F0069}.Release|Any CPU.Build.0 = Release|Any CPU
		{D463C710-B38A-4949-8749-F2446BCF99DD}.Debug|Any CPU.ActiveCfg = Debug|Any CPU
		{D463C710-B38A-4949-8749-F2446BCF99DD}.Debug|Any CPU.Build.0 = Debug|Any CPU
		{D463C710-B38A-4949-8749-F2446BCF99DD}.Release|Any CPU.ActiveCfg = Release|Any CPU
		{D463C710-B38A-4949-8749-F2446BCF99DD}.Release|Any CPU.Build.0 = Release|Any CPU
	EndGlobalSection
	GlobalSection(SolutionProperties) = preSolution
		HideSolutionNode = FALSE
	EndGlobalSection
	GlobalSection(MonoDevelopProperties) = preSolution
		StartupItem = StockCheck.Model\StockCheck.Model.csproj
	EndGlobalSection
EndGlobal
